<?xml version="1.0" encoding="utf-8"?>
<Project ToolsVersion="4.0" xmlns="http://schemas.microsoft.com/developer/msbuild/2003">
  <ItemGroup>
    <Filter Include="ソース ファイル">
      <UniqueIdentifier>{e12fbd76-fcbf-48e9-be7a-9019e3495524}</UniqueIdentifier>
      <Extensions>cpp;c;cc;cxx;cu;def;odl;idl;hpj;bat;asm;asmx</Extensions>
    </Filter>
    <Filter Include="ヘッダー ファイル">
      <UniqueIdentifier>{32ded9cb-8cc6-4d0b-928e-36cddf0c407e}</UniqueIdentifier>
      <Extensions>h;hpp;hxx;hm;inl;inc;ipp;cuh</Extensions>
    </Filter>
    <Filter Include="シェーダー">
      <UniqueIdentifier>{fa0d1834-c295-4845-b7ae-5081eaf597d4}</UniqueIdentifier>
      <Extensions>fx</Extensions>
    </Filter>
    <Filter Include="ソース ファイル\Trial">
      <UniqueIdentifier>{245b2993-a3f7-4d5f-bbb1-bf46a3503f44}</UniqueIdentifier>
    </Filter>
    <Filter Include="シェーダー\Trial">
      <UniqueIdentifier>{64e9c84a-8beb-4479-9f33-0e754043004b}</UniqueIdentifier>
    </Filter>
    <Filter Include="ヘッダー ファイル\Trial">
      <UniqueIdentifier>{e192d93b-fe89-40bc-b675-b20b66296252}</UniqueIdentifier>
    </Filter>
  </ItemGroup>
  <ItemGroup>
    <ClCompile Include="Render.cpp">
      <Filter>ソース ファイル</Filter>
    </ClCompile>
    <ClCompile Include="RenderSettingsDialog.cpp">
      <Filter>ソース ファイル</Filter>
    </ClCompile>
    <ClCompile Include="RenderSettingsDialogControls.cpp">
      <Filter>ソース ファイル</Filter>
    </ClCompile>
    <ClCompile Include="RenderSettingsDialogHandlers.cpp">
      <Filter>ソース ファイル</Filter>
    </ClCompile>
    <ClCompile Include="RenderSettingsDialogModels.cpp">
      <Filter>ソース ファイル</Filter>
    </ClCompile>
    <ClCompile Include="RenderSettingsDialogSync.cpp">
      <Filter>ソース ファイル</Filter>
    </ClCompile>
    <ClCompile Include="RenderSettingsDialogUtils.cpp">
      <Filter>ソース ファイル</Filter>
    </ClCompile>
    <ClCompile Include="Camera.cpp">
      <Filter>ソース ファイル</Filter>
    </ClCompile>
    <ClCompile Include="Common.cpp">
      <Filter>ソース ファイル</Filter>
    </ClCompile>
    <ClCompile Include="Light.cpp">
      <Filter>ソース ファイル</Filter>
    </ClCompile>
    <ClCompile Include="LoadingScreen.cpp">
      <Filter>ソース ファイル</Filter>
    </ClCompile>
    <ClCompile Include="Util.cpp">
      <Filter>ソース ファイル</Filter>
    </ClCompile>
    <ClCompile Include="Font.cpp">
      <Filter>ソース ファイル</Filter>
    </ClCompile>
    <ClCompile Include="FontEx.cpp">
      <Filter>ソース ファイル</Filter>
    </ClCompile>
    <ClCompile Include="FontExAnim.cpp">
      <Filter>ソース ファイル</Filter>
    </ClCompile>
    <ClCompile Include="Sprite.cpp">
      <Filter>ソース ファイル</Filter>
    </ClCompile>
    <ClCompile Include="AnimController.cpp">
      <Filter>ソース ファイル</Filter>
    </ClCompile>
    <ClCompile Include="SkinAnimMesh.cpp">
      <Filter>ソース ファイル</Filter>
    </ClCompile>
    <ClCompile Include="SkinAnimMeshAlloc.cpp">
      <Filter>ソース ファイル</Filter>
    </ClCompile>
    <ClCompile Include="MeshInstancing.cpp">
      <Filter>ソース ファイル</Filter>
    </ClCompile>
    <ClCompile Include="MeshMix.cpp">
      <Filter>ソース ファイル</Filter>
    </ClCompile>
    <ClCompile Include="MeshPBR.cpp">
      <Filter>ソース ファイル</Filter>
    </ClCompile>
    <ClCompile Include="MeshMixSkinAnim.cpp">
      <Filter>ソース ファイル</Filter>
    </ClCompile>
    <ClCompile Include="PtrManager.cpp">
      <Filter>ソース ファイル</Filter>
    </ClCompile>
    <ClCompile Include="PostEffectGauss.cpp">
      <Filter>ソース ファイル</Filter>
    </ClCompile>
    <ClCompile Include="PostEffectSaturate.cpp">
      <Filter>ソース ファイル</Filter>
    </ClCompile>
    <ClCompile Include="PostEffectBloom.cpp">
      <Filter>ソース ファイル</Filter>
    </ClCompile>
    <ClCompile Include="PostEffectAA.cpp">
      <Filter>ソース ファイル</Filter>
    </ClCompile>
    <ClCompile Include="PostEffectStarBurst.cpp">
      <Filter>ソース ファイル</Filter>
    </ClCompile>
    <ClCompile Include="PostEffectEnd.cpp">
      <Filter>ソース ファイル</Filter>
    </ClCompile>
    <ClCompile Include="WindowManager.cpp">
      <Filter>ソース ファイル</Filter>
    </ClCompile>
    <ClCompile Include="PostEffectSSAO.cpp">
      <Filter>ソース ファイル</Filter>
    </ClCompile>
    <ClCompile Include="PostEffectSSGI.cpp">
      <Filter>ソース ファイル</Filter>
    </ClCompile>
    <ClCompile Include="PostEffectZShadow.cpp">
      <Filter>ソース ファイル</Filter>
    </ClCompile>
    <ClCompile Include="MeshMixManager.cpp">
      <Filter>ソース ファイル</Filter>
    </ClCompile>
    <ClCompile Include="MeshPBRManager.cpp">
      <Filter>ソース ファイル</Filter>
    </ClCompile>
    <ClCompile Include="GBuffer.cpp">
      <Filter>ソース ファイル</Filter>
    </ClCompile>
    <ClCompile Include="PostEffectFog.cpp">
      <Filter>ソース ファイル</Filter>
    </ClCompile>
    <ClCompile Include="PostEffectFont.cpp">
      <Filter>ソース ファイル</Filter>
    </ClCompile>
    <ClCompile Include="PostEffectFXAA.cpp">
      <Filter>ソース ファイル</Filter>
    </ClCompile>
    <ClCompile Include="PostEffectTAA.cpp">
      <Filter>ソース ファイル</Filter>
    </ClCompile>
    <ClCompile Include="MeshSSSLike.cpp">
      <Filter>ソース ファイル\Trial</Filter>
    </ClCompile>
    <ClCompile Include="MeshNormalMapping.cpp">
      <Filter>ソース ファイル\Trial</Filter>
    </ClCompile>
    <ClCompile Include="MeshOld.cpp">
      <Filter>ソース ファイル\Trial</Filter>
    </ClCompile>
    <ClCompile Include="MeshPointLight.cpp">
      <Filter>ソース ファイル\Trial</Filter>
    </ClCompile>
    <ClCompile Include="MeshPOM.cpp">
      <Filter>ソース ファイル\Trial</Filter>
    </ClCompile>
    <ClCompile Include="ParticleSystem.cpp">
      <Filter>ソース ファイル</Filter>
    </ClCompile>
    <ClCompile Include="MeshSmooth.cpp">
      <Filter>ソース ファイル\Trial</Filter>
    </ClCompile>
    <ClCompile Include="PostEffectDepthOfField.cpp">
      <Filter>ソース ファイル</Filter>
    </ClCompile>
    <ClCompile Include="PostEffectGodRay.cpp">
      <Filter>ソース ファイル</Filter>
    </ClCompile>
    <ClCompile Include="PostEffectMaskedGauss.cpp">
      <Filter>ソース ファイル</Filter>
    </ClCompile>
    <ClCompile Include="PostEffectHeightFog.cpp">
      <Filter>ソース ファイル</Filter>
    </ClCompile>
    <ClCompile Include="PostEffectHalo.cpp">
      <Filter>ソース ファイル</Filter>
    </ClCompile>
    <ClCompile Include="PostEffectMotionBlurCamera.cpp">
      <Filter>ソース ファイル</Filter>
    </ClCompile>
    <ClCompile Include="MeshSSS.cpp">
      <Filter>ソース ファイル\Trial</Filter>
    </ClCompile>
    <ClCompile Include="MeshHierarchy.cpp">
      <Filter>ソース ファイル\Trial</Filter>
    </ClCompile>
    <ClCompile Include="CustomXLoader.cpp">
      <Filter>ソース ファイル</Filter>
    </ClCompile>
    <ClCompile Include="MeshMixNoSkinAnim.cpp">
      <Filter>ソース ファイル</Filter>
    </ClCompile>
    <ClCompile Include="MeshMixNoSkinAnimAlloc.cpp">
      <Filter>ソース ファイル</Filter>
    </ClCompile>
    <ClCompile Include="AnimMeshAlloc.cpp">
      <Filter>ソース ファイル\Trial</Filter>
    </ClCompile>
    <ClCompile Include="AnimMesh.cpp">
      <Filter>ソース ファイル\Trial</Filter>
    </ClCompile>
  </ItemGroup>
  <ItemGroup>
    <ClInclude Include="Render.h">
      <Filter>ヘッダー ファイル</Filter>
    </ClInclude>
    <ClInclude Include="RenderSettingsDialog.h">
      <Filter>ヘッダー ファイル</Filter>
    </ClInclude>
    <ClInclude Include="RenderSettingsDialogInternal.h">
      <Filter>ヘッダー ファイル</Filter>
    </ClInclude>
    <ClInclude Include="Camera.h">
      <Filter>ヘッダー ファイル</Filter>
    </ClInclude>
    <ClInclude Include="Common.h">
      <Filter>ヘッダー ファイル</Filter>
    </ClInclude>
    <ClInclude Include="Light.h">
      <Filter>ヘッダー ファイル</Filter>
    </ClInclude>
    <ClInclude Include="LoadingScreen.h">
      <Filter>ヘッダー ファイル</Filter>
    </ClInclude>
    <ClInclude Include="Util.h">
      <Filter>ヘッダー ファイル</Filter>
    </ClInclude>
    <ClInclude Include="Font.h">
      <Filter>ヘッダー ファイル</Filter>
    </ClInclude>
    <ClInclude Include="FontEx.h">
      <Filter>ヘッダー ファイル</Filter>
    </ClInclude>
    <ClInclude Include="FontExAnim.h">
      <Filter>ヘッダー ファイル</Filter>
    </ClInclude>
    <ClInclude Include="Sprite.h">
      <Filter>ヘッダー ファイル</Filter>
    </ClInclude>
    <ClInclude Include="AnimController.h">
      <Filter>ヘッダー ファイル</Filter>
    </ClInclude>
    <ClInclude Include="SkinAnimMesh.h">
      <Filter>ヘッダー ファイル</Filter>
    </ClInclude>
    <ClInclude Include="SkinAnimMeshAlloc.h">
      <Filter>ヘッダー ファイル</Filter>
    </ClInclude>
    <ClInclude Include="MeshInstancing.h">
      <Filter>ヘッダー ファイル</Filter>
    </ClInclude>
    <ClInclude Include="MeshMix.h">
      <Filter>ヘッダー ファイル</Filter>
    </ClInclude>
    <ClInclude Include="MeshPBR.h">
      <Filter>ヘッダー ファイル</Filter>
    </ClInclude>
    <ClInclude Include="MeshMixSkinAnim.h">
      <Filter>ヘッダー ファイル</Filter>
    </ClInclude>
    <ClInclude Include="PtrManager.h">
      <Filter>ヘッダー ファイル</Filter>
    </ClInclude>
    <ClInclude Include="PostEffectGauss.h">
      <Filter>ヘッダー ファイル</Filter>
    </ClInclude>
    <ClInclude Include="PostEffectSaturate.h">
      <Filter>ヘッダー ファイル</Filter>
    </ClInclude>
    <ClInclude Include="PostEffectBloom.h">
      <Filter>ヘッダー ファイル</Filter>
    </ClInclude>
    <ClInclude Include="PostEffectAA.h">
      <Filter>ヘッダー ファイル</Filter>
    </ClInclude>
    <ClInclude Include="PostEffectStarBurst.h">
      <Filter>ヘッダー ファイル</Filter>
    </ClInclude>
    <ClInclude Include="PostEffectEnd.h">
      <Filter>ヘッダー ファイル</Filter>
    </ClInclude>
    <ClInclude Include="WindowManager.h">
      <Filter>ヘッダー ファイル</Filter>
    </ClInclude>
    <ClInclude Include="PostEffectSSAO.h">
      <Filter>ヘッダー ファイル</Filter>
    </ClInclude>
    <ClInclude Include="PostEffectSSGI.h">
      <Filter>ヘッダー ファイル</Filter>
    </ClInclude>
    <ClInclude Include="PostEffectZShadow.h">
      <Filter>ヘッダー ファイル</Filter>
    </ClInclude>
    <ClInclude Include="MeshMixManager.h">
      <Filter>ヘッダー ファイル</Filter>
    </ClInclude>
    <ClInclude Include="MeshPBRManager.h">
      <Filter>ヘッダー ファイル</Filter>
    </ClInclude>
    <ClInclude Include="GBuffer.h">
      <Filter>ヘッダー ファイル</Filter>
    </ClInclude>
    <ClInclude Include="PostEffectFog.h">
      <Filter>ヘッダー ファイル</Filter>
    </ClInclude>
    <ClInclude Include="PostEffectFont.h">
      <Filter>ヘッダー ファイル</Filter>
    </ClInclude>
    <ClInclude Include="PostEffectFXAA.h">
      <Filter>ヘッダー ファイル</Filter>
    </ClInclude>
    <ClInclude Include="PostEffectTAA.h">
      <Filter>ヘッダー ファイル</Filter>
    </ClInclude>
    <ClInclude Include="MeshSSSLike.h">
      <Filter>ヘッダー ファイル\Trial</Filter>
    </ClInclude>
    <ClInclude Include="MeshNormalMapping.h">
      <Filter>ヘッダー ファイル\Trial</Filter>
    </ClInclude>
    <ClInclude Include="MeshOld.h">
      <Filter>ヘッダー ファイル\Trial</Filter>
    </ClInclude>
    <ClInclude Include="MeshPointLight.h">
      <Filter>ヘッダー ファイル\Trial</Filter>
    </ClInclude>
    <ClInclude Include="MeshPOM.h">
      <Filter>ヘッダー ファイル\Trial</Filter>
    </ClInclude>
    <ClInclude Include="ParticleSystem.h">
      <Filter>ヘッダー ファイル</Filter>
    </ClInclude>
    <ClInclude Include="MeshSmooth.h">
      <Filter>ヘッダー ファイル\Trial</Filter>
    </ClInclude>
    <ClInclude Include="PostEffectDepthOfField.h">
      <Filter>ヘッダー ファイル</Filter>
    </ClInclude>
    <ClInclude Include="PostEffectGodRay.h">
      <Filter>ヘッダー ファイル</Filter>
    </ClInclude>
    <ClInclude Include="PostEffectMaskedGauss.h">
      <Filter>ヘッダー ファイル</Filter>
    </ClInclude>
    <ClInclude Include="PostEffectHeightFog.h">
      <Filter>ヘッダー ファイル</Filter>
    </ClInclude>
    <ClInclude Include="PostEffectHalo.h">
      <Filter>ヘッダー ファイル</Filter>
    </ClInclude>
    <ClInclude Include="PostEffectMotionBlurCamera.h">
      <Filter>ヘッダー ファイル</Filter>
    </ClInclude>
    <ClInclude Include="MeshSSS.h">
      <Filter>ヘッダー ファイル\Trial</Filter>
    </ClInclude>
    <ClInclude Include="MeshHierarchy.h">
      <Filter>ヘッダー ファイル\Trial</Filter>
    </ClInclude>
    <ClInclude Include="CustomXLoader.h">
      <Filter>ヘッダー ファイル</Filter>
    </ClInclude>
    <ClInclude Include="AnimMeshAlloc.h">
      <Filter>ヘッダー ファイル\Trial</Filter>
    </ClInclude>
    <ClInclude Include="AnimMesh.h">
      <Filter>ヘッダー ファイル\Trial</Filter>
    </ClInclude>
    <ClInclude Include="MeshMixNoSkinAnimAlloc.h">
      <Filter>ヘッダー ファイル</Filter>
    </ClInclude>
    <ClInclude Include="MeshMixNoSkinAnim.h">
      <Filter>ヘッダー ファイル</Filter>
    </ClInclude>
  </ItemGroup>
  <ItemGroup>
    <FxCompile Include="shader\simple.fx">
      <Filter>シェーダー</Filter>
    </FxCompile>
    <FxCompile Include="shader\Common.fx">
      <Filter>シェーダー</Filter>
    </FxCompile>
    <FxCompile Include="shader\AnimMeshShader.fx">
      <Filter>シェーダー</Filter>
    </FxCompile>
    <FxCompile Include="shader\SkinAnimMeshShader.fx">
      <Filter>シェーダー</Filter>
    </FxCompile>
    <FxCompile Include="shader\MeshInstancing.fx">
      <Filter>シェーダー</Filter>
    </FxCompile>
    <FxCompile Include="shader\PostEffectSaturate.fx">
      <Filter>シェーダー</Filter>
    </FxCompile>
    <FxCompile Include="shader\PostEffectGaussian.fx">
      <Filter>シェーダー</Filter>
    </FxCompile>
    <FxCompile Include="shader\PostEffectFXAA.fx">
      <Filter>シェーダー</Filter>
    </FxCompile>
    <FxCompile Include="shader\PostEffectTAA.fx">
      <Filter>シェーダー</Filter>
    </FxCompile>
    <FxCompile Include="shader\PostEffectEnd.fx">
      <Filter>シェーダー</Filter>
    </FxCompile>
    <FxCompile Include="shader\PostEffectBloom.fx">
      <Filter>シェーダー</Filter>
    </FxCompile>
    <FxCompile Include="shader\PostEffectAA.fx">
      <Filter>シェーダー</Filter>
    </FxCompile>
    <FxCompile Include="shader\PostEffectStarBurst.fx">
      <Filter>シェーダー</Filter>
    </FxCompile>
    <FxCompile Include="shader\MeshMix.fx">
      <Filter>シェーダー</Filter>
    </FxCompile>
    <FxCompile Include="shader\MeshPBR.fx">
      <Filter>シェーダー</Filter>
    </FxCompile>
    <FxCompile Include="shader\MeshMixSkinAnim.fx">
      <Filter>シェーダー</Filter>
    </FxCompile>
    <FxCompile Include="shader\GBuffer.fx">
      <Filter>シェーダー</Filter>
    </FxCompile>
    <FxCompile Include="shader\PostEffectZShadow.fx">
      <Filter>シェーダー</Filter>
    </FxCompile>
    <FxCompile Include="shader\PostEffectFog.fx">
      <Filter>シェーダー</Filter>
    </FxCompile>
    <FxCompile Include="shader\PostEffectFont.fx">
      <Filter>シェーダー</Filter>
    </FxCompile>
    <FxCompile Include="shader\MeshNormalMapping.fx">
      <Filter>シェーダー\Trial</Filter>
    </FxCompile>
    <FxCompile Include="shader\MeshOld.fx">
      <Filter>シェーダー\Trial</Filter>
    </FxCompile>
    <FxCompile Include="shader\MeshNoLighting.fx">
      <Filter>シェーダー\Trial</Filter>
    </FxCompile>
    <FxCompile Include="shader\MeshPointLight.fx">
      <Filter>シェーダー\Trial</Filter>
    </FxCompile>
    <FxCompile Include="shader\MeshPOM.fx">
      <Filter>シェーダー\Trial</Filter>
    </FxCompile>
    <FxCompile Include="shader\MeshSmooth.fx">
      <Filter>シェーダー\Trial</Filter>
    </FxCompile>
    <FxCompile Include="shader\MeshSSSLike.fx">
      <Filter>シェーダー\Trial</Filter>
    </FxCompile>
    <FxCompile Include="shader\PostEffectDepthOfField.fx">
      <Filter>シェーダー</Filter>
    </FxCompile>
    <FxCompile Include="shader\PostEffectGodRay.fx">
      <Filter>シェーダー</Filter>
    </FxCompile>
    <FxCompile Include="shader\PostEffectHalo.fx">
      <Filter>シェーダー</Filter>
    </FxCompile>
    <FxCompile Include="shader\PostEffectMaskedGaussian.fx">
      <Filter>シェーダー</Filter>
    </FxCompile>
    <FxCompile Include="shader\PostEffectHeightFog.fx">
      <Filter>シェーダー</Filter>
    </FxCompile>
    <FxCompile Include="shader\PostEffectMotionBlurCamera.fx">
      <Filter>シェーダー</Filter>
    </FxCompile>
    <FxCompile Include="shader\MeshSSS.fx">
      <Filter>シェーダー\Trial</Filter>
    </FxCompile>
    <FxCompile Include="shader\PostEffectSSAO.fx">
      <Filter>シェーダー</Filter>
    </FxCompile>
    <FxCompile Include="shader\PostEffectSSGI.fx">
      <Filter>シェーダー</Filter>
    </FxCompile>
    <FxCompile Include="shader\Particle.fx">
      <Filter>シェーダー</Filter>
    </FxCompile>
  </ItemGroup>
  <ItemGroup>
    <None Include="..\README_about_library_csv.md" />
    <None Include="..\README_about_x_csv.md" />
    <None Include="..\README.md" />
    <None Include="packages.config" />
  </ItemGroup>
</Project>